
Microsoft Visual Studio Solution File, Format Version 11.00
# Visual Studio 2010
# SharpDevelop 5.1
Project("{FAE04EC0-301F-11D3-BF4B-00C04F79EFBC}") = "LibrarySync", "LibrarySync.csproj", "{C7E63923-92FC-4CFB-ABB6-EBEA74C01122}"
EndProject
Global
	GlobalSection(SolutionConfigurationPlatforms) = preSolution
		Debug|Any CPU = Debug|Any CPU
		Release|Any CPU = Release|Any CPU
	EndGlobalSection
	GlobalSection(ProjectConfigurationPlatforms) = postSolution
		{C7E63923-92FC-4CFB-ABB6-EBEA74C01122}.Debug|Any CPU.ActiveCfg = Debug|Any CPU
		{C7E63923-92FC-4CFB-ABB6-EBEA74C01122}.Debug|Any CPU.Build.0 = Debug|Any CPU
		{C7E63923-92FC-4CFB-ABB6-EBEA74C01122}.Release|Any CPU.ActiveCfg = Release|Any CPU
		{C7E63923-92FC-4CFB-ABB6-EBEA74C01122}.Release|Any CPU.Build.0 = Release|Any CPU
	EndGlobalSection
EndGlobal
